<?xml version="1.0" encoding="utf-8"?>
<Project ToolsVersion="4.0" xmlns="http://schemas.microsoft.com/developer/msbuild/2003">
  <ItemGroup>
    <Filter Include="Source Files">
      <UniqueIdentifier>{4FC737F1-C7A5-4376-A066-2A32D752A2FF}</UniqueIdentifier>
      <Extensions>cpp;c;cc;cxx;def;odl;idl;hpj;bat;asm;asmx</Extensions>
    </Filter>
    <Filter Include="Header Files">
      <UniqueIdentifier>{93995380-89BD-4b04-88EB-625FBE52EBFB}</UniqueIdentifier>
      <Extensions>h;hh;hpp;hxx;hm;inl;inc;ipp;xsd</Extensions>
    </Filter>
    <Filter Include="Resource Files">
      <UniqueIdentifier>{67DA6AB6-F800-4c08-8B7A-83BB121AAD01}</UniqueIdentifier>
      <Extensions>rc;ico;cur;bmp;dlg;rc2;rct;bin;rgs;gif;jpg;jpeg;jpe;resx;tiff;tif;png;wav;mfcribbon-ms</Extensions>
    </Filter>
  </ItemGroup>
  <ItemGroup>
    <ClCompile Include="src\Source.cpp">
      <Filter>Source Files</Filter>
    </ClCompile>
    <ClCompile Include="..\Dependencies\glad\src\glad.c">
      <Filter>Source Files</Filter>
    </ClCompile>
    <ClCompile Include="src\Transformation.cpp">
      <Filter>Source Files</Filter>
    </ClCompile>
    <ClCompile Include="src\ObjLoader.cpp">
      <Filter>Source Files</Filter>
    </ClCompile>
    <ClCompile Include="src\Camera.cpp">
      <Filter>Source Files</Filter>
    </ClCompile>
    <ClCompile Include="src\Shader.cpp">
      <Filter>Source Files</Filter>
    </ClCompile>
    <ClCompile Include="src\Texture.cpp">
      <Filter>Source Files</Filter>
    </ClCompile>
    <ClCompile Include="src\Object.cpp">
      <Filter>Source Files</Filter>
    </ClCompile>
    <ClCompile Include="src\Light.cpp">
      <Filter>Source Files</Filter>
    </ClCompile>
    <ClCompile Include="src\Shadow.cpp">
      <Filter>Source Files</Filter>
    </ClCompile>
    <ClCompile Include="src\Test.cpp">
      <Filter>Source Files</Filter>
    </ClCompile>
    <ClCompile Include="src\Test2.cpp">
      <Filter>Source Files</Filter>
    </ClCompile>
    <ClCompile Include="src\Data.cpp">
      <Filter>Source Files</Filter>
    </ClCompile>
    <ClCompile Include="src\Scene.cpp">
      <Filter>Source Files</Filter>
    </ClCompile>
    <ClCompile Include="src\PointLight.cpp">
      <Filter>Source Files</Filter>
    </ClCompile>
    <ClCompile Include="src\Scene2.cpp">
      <Filter>Source Files</Filter>
    </ClCompile>
    <ClCompile Include="src\imgui\imgui.cpp">
      <Filter>Source Files</Filter>
    </ClCompile>
    <ClCompile Include="src\imgui\imgui_demo.cpp">
      <Filter>Source Files</Filter>
    </ClCompile>
    <ClCompile Include="src\imgui\imgui_draw.cpp">
      <Filter>Source Files</Filter>
    </ClCompile>
    <ClCompile Include="src\imgui\imgui_impl_glfw.cpp">
      <Filter>Source Files</Filter>
    </ClCompile>
    <ClCompile Include="src\imgui\imgui_impl_opengl3.cpp">
      <Filter>Source Files</Filter>
    </ClCompile>
    <ClCompile Include="src\imgui\imgui_widgets.cpp">
      <Filter>Source Files</Filter>
    </ClCompile>
    <ClCompile Include="src\Globals.cpp">
      <Filter>Source Files</Filter>
    </ClCompile>
    <ClCompile Include="src\DirectionalLight.cpp">
      <Filter>Source Files</Filter>
    </ClCompile>
    <ClCompile Include="src\LightBase.cpp">
      <Filter>Source Files</Filter>
    </ClCompile>
    <ClCompile Include="src\Skybox.cpp">
      <Filter>Source Files</Filter>
    </ClCompile>
    <ClCompile Include="src\PointShadow.cpp">
      <Filter>Source Files</Filter>
    </ClCompile>
    <ClCompile Include="src\ver2\ObjReader.cpp">
      <Filter>Source Files</Filter>
    </ClCompile>
    <ClCompile Include="src\ver2\CreateModel.cpp">
      <Filter>Source Files</Filter>
    </ClCompile>
    <ClCompile Include="src\ver2\CreateTexture.cpp">
      <Filter>Source Files</Filter>
    </ClCompile>
    <ClCompile Include="src\ver2\LoadAssets.cpp">
      <Filter>Source Files</Filter>
    </ClCompile>
    <ClCompile Include="src\ver2\CreateProgram.cpp">
      <Filter>Source Files</Filter>
    </ClCompile>
    <ClCompile Include="src\ver2\LoadPrograms.cpp">
      <Filter>Source Files</Filter>
    </ClCompile>
    <ClCompile Include="src\ver2\Main.cpp">
      <Filter>Source Files</Filter>
    </ClCompile>
    <ClCompile Include="src\ver2\GlobalVariables.cpp">
      <Filter>Source Files</Filter>
    </ClCompile>
    <ClCompile Include="src\ver2\Kamera.cpp">
      <Filter>Source Files</Filter>
    </ClCompile>
    <ClCompile Include="src\ver2\CreateDirLight.cpp">
      <Filter>Source Files</Filter>
    </ClCompile>
    <ClCompile Include="src\ver2\LoadLights.cpp">
      <Filter>Source Files</Filter>
    </ClCompile>
    <ClCompile Include="src\ver2\Render.cpp">
      <Filter>Source Files</Filter>
    </ClCompile>
    <ClCompile Include="src\ver2\LoadShadows.cpp">
      <Filter>Source Files</Filter>
    </ClCompile>
    <ClCompile Include="src\ver2\CreateDirShadow.cpp">
      <Filter>Source Files</Filter>
    </ClCompile>
    <ClCompile Include="src\ver2\CreatePointLight.cpp">
      <Filter>Source Files</Filter>
    </ClCompile>
    <ClCompile Include="src\ver2\CreateSkybox.cpp">
      <Filter>Source Files</Filter>
    </ClCompile>
    <ClCompile Include="src\ver2\LoadSkyboxes.cpp">
      <Filter>Source Files</Filter>
    </ClCompile>
    <ClCompile Include="src\ver2\CreatePointShadow.cpp">
      <Filter>Source Files</Filter>
    </ClCompile>
    <ClCompile Include="src\ver2\DebugOpenGL.cpp">
      <Filter>Source Files</Filter>
    </ClCompile>
    <ClCompile Include="src\ver2\PostProcessing.cpp">
      <Filter>Source Files</Filter>
    </ClCompile>
    <ClCompile Include="src\ver2\LoadOutlines.cpp">
      <Filter>Source Files</Filter>
    </ClCompile>
    <ClCompile Include="src\ver2\Timer.cpp">
      <Filter>Source Files</Filter>
    </ClCompile>
    <ClCompile Include="src\ver2\Mesh.cpp">
      <Filter>Source Files</Filter>
    </ClCompile>
    <ClCompile Include="src\ver2\SceneLoader.cpp">
      <Filter>Source Files</Filter>
    </ClCompile>
    <ClCompile Include="src\ver2\Input.cpp">
      <Filter>Source Files</Filter>
    </ClCompile>
    <ClCompile Include="src\ver2\ShowScene.cpp">
      <Filter>Source Files</Filter>
    </ClCompile>
  </ItemGroup>
  <ItemGroup>
    <Text Include="src\VertexShader.txt" />
    <Text Include="src\FragmentShader.txt" />
    <Text Include="src\LightObjVertexShader.txt" />
    <Text Include="src\LightObjFragmentShader.txt" />
    <Text Include="src\ShadowVS.txt" />
    <Text Include="src\ShadowFS.txt" />
    <Text Include="src\DebugQuadVS.txt" />
    <Text Include="src\DebugQuadFS.txt" />
    <Text Include="src\shaders\Skybox.frag" />
    <Text Include="src\shaders\Skybox.vert" />
    <Text Include="src\shaders\ShadowBox.vert" />
    <Text Include="src\shaders\ShadowBox.geom" />
    <Text Include="src\shaders\ShadowBox.frag" />
    <Text Include="src\shaders\Default.vert" />
    <Text Include="src\shaders\Default.frag" />
    <Text Include="src\shaders\PostProcessing.vert" />
    <Text Include="src\shaders\PostProcessing.frag" />
  </ItemGroup>
  <ItemGroup>
    <ClInclude Include="src\Transformation.h">
      <Filter>Header Files</Filter>
    </ClInclude>
    <ClInclude Include="src\stb_image.h">
      <Filter>Header Files</Filter>
    </ClInclude>
    <ClInclude Include="src\ObjLoader.h">
      <Filter>Header Files</Filter>
    </ClInclude>
    <ClInclude Include="src\Camera.h">
      <Filter>Header Files</Filter>
    </ClInclude>
    <ClInclude Include="src\Shader.h">
      <Filter>Header Files</Filter>
    </ClInclude>
    <ClInclude Include="src\Texture.h">
      <Filter>Header Files</Filter>
    </ClInclude>
    <ClInclude Include="src\Object.h">
      <Filter>Header Files</Filter>
    </ClInclude>
    <ClInclude Include="src\Light.h">
      <Filter>Header Files</Filter>
    </ClInclude>
    <ClInclude Include="src\Shadow.h">
      <Filter>Header Files</Filter>
    </ClInclude>
    <ClInclude Include="src\Test.h">
      <Filter>Header Files</Filter>
    </ClInclude>
    <ClInclude Include="src\Test2.h">
      <Filter>Header Files</Filter>
    </ClInclude>
    <ClInclude Include="src\Data.h">
      <Filter>Header Files</Filter>
    </ClInclude>
    <ClInclude Include="src\Scene.h">
      <Filter>Header Files</Filter>
    </ClInclude>
    <ClInclude Include="src\PointLight.h">
      <Filter>Header Files</Filter>
    </ClInclude>
    <ClInclude Include="src\Scene2.h">
      <Filter>Header Files</Filter>
    </ClInclude>
    <ClInclude Include="src\imgui\imconfig.h">
      <Filter>Header Files</Filter>
    </ClInclude>
    <ClInclude Include="src\imgui\imgui.h">
      <Filter>Header Files</Filter>
    </ClInclude>
    <ClInclude Include="src\imgui\imgui_impl_glfw.h">
      <Filter>Header Files</Filter>
    </ClInclude>
    <ClInclude Include="src\imgui\imgui_impl_opengl3.h">
      <Filter>Header Files</Filter>
    </ClInclude>
    <ClInclude Include="src\imgui\imgui_internal.h">
      <Filter>Header Files</Filter>
    </ClInclude>
    <ClInclude Include="src\imgui\imstb_rectpack.h">
      <Filter>Header Files</Filter>
    </ClInclude>
    <ClInclude Include="src\imgui\imstb_textedit.h">
      <Filter>Header Files</Filter>
    </ClInclude>
    <ClInclude Include="src\imgui\imstb_truetype.h">
      <Filter>Header Files</Filter>
    </ClInclude>
    <ClInclude Include="src\Globals.h">
      <Filter>Header Files</Filter>
    </ClInclude>
    <ClInclude Include="src\DirectionalLight.h">
      <Filter>Header Files</Filter>
    </ClInclude>
    <ClInclude Include="src\LightBase.h">
      <Filter>Header Files</Filter>
    </ClInclude>
    <ClInclude Include="src\Skybox.h">
      <Filter>Header Files</Filter>
    </ClInclude>
    <ClInclude Include="src\PointShadow.h">
      <Filter>Header Files</Filter>
    </ClInclude>
    <ClInclude Include="src\ver2\ObjReader.h">
      <Filter>Header Files</Filter>
    </ClInclude>
    <ClInclude Include="src\ver2\TextureData.h">
      <Filter>Header Files</Filter>
    </ClInclude>
    <ClInclude Include="src\ver2\ModelData.h">
      <Filter>Header Files</Filter>
    </ClInclude>
    <ClInclude Include="src\ver2\CreateModel.h">
      <Filter>Header Files</Filter>
    </ClInclude>
    <ClInclude Include="src\ver2\CreateTexture.h">
      <Filter>Header Files</Filter>
    </ClInclude>
    <ClInclude Include="src\ver2\LoadAssets.h">
      <Filter>Header Files</Filter>
    </ClInclude>
    <ClInclude Include="src\ver2\ProgramData.h">
      <Filter>Header Files</Filter>
    </ClInclude>
    <ClInclude Include="src\ver2\CreateProgram.h">
      <Filter>Header Files</Filter>
    </ClInclude>
    <ClInclude Include="src\ver2\LoadPrograms.h">
      <Filter>Header Files</Filter>
    </ClInclude>
    <ClInclude Include="src\ver2\stb_image.h">
      <Filter>Header Files</Filter>
    </ClInclude>
    <ClInclude Include="src\ver2\GlobalVariables.h">
      <Filter>Header Files</Filter>
    </ClInclude>
    <ClInclude Include="src\ver2\Kamera.h">
      <Filter>Header Files</Filter>
    </ClInclude>
    <ClInclude Include="src\ver2\KeyboardInput.h">
      <Filter>Header Files</Filter>
    </ClInclude>
    <ClInclude Include="src\ver2\AdditionalData.h">
      <Filter>Header Files</Filter>
    </ClInclude>
    <ClInclude Include="src\ver2\CreateDirLight.h">
      <Filter>Header Files</Filter>
    </ClInclude>
    <ClInclude Include="src\ver2\LoadLights.h">
      <Filter>Header Files</Filter>
    </ClInclude>
    <ClInclude Include="src\ver2\Render.h">
      <Filter>Header Files</Filter>
    </ClInclude>
    <ClInclude Include="src\ver2\LoadShadows.h">
      <Filter>Header Files</Filter>
    </ClInclude>
    <ClInclude Include="src\ver2\CreateDirShadow.h">
      <Filter>Header Files</Filter>
    </ClInclude>
    <ClInclude Include="src\ver2\ConstantVariables.h">
      <Filter>Header Files</Filter>
    </ClInclude>
    <ClInclude Include="src\ver2\CreatePointLight.h">
      <Filter>Header Files</Filter>
    </ClInclude>
    <ClInclude Include="src\ver2\CreateSkybox.h">
      <Filter>Header Files</Filter>
    </ClInclude>
    <ClInclude Include="src\ver2\LoadSkyboxes.h">
      <Filter>Header Files</Filter>
    </ClInclude>
    <ClInclude Include="src\ver2\CreatePointShadow.h">
      <Filter>Header Files</Filter>
    </ClInclude>
    <ClInclude Include="src\ver2\DebugOpenGL.h">
      <Filter>Header Files</Filter>
    </ClInclude>
    <ClInclude Include="src\ver2\PostProcessing.h">
      <Filter>Header Files</Filter>
    </ClInclude>
    <ClInclude Include="src\ver2\LoadOutlines.h">
      <Filter>Header Files</Filter>
    </ClInclude>
    <ClInclude Include="src\ver2\Timer.h">
      <Filter>Header Files</Filter>
    </ClInclude>
    <ClInclude Include="src\ver2\Mesh.h">
      <Filter>Header Files</Filter>
    </ClInclude>
    <ClInclude Include="src\ver2\SceneLoader.h">
      <Filter>Header Files</Filter>
    </ClInclude>
    <ClInclude Include="src\ver2\Input.h">
      <Filter>Header Files</Filter>
    </ClInclude>
    <ClInclude Include="src\ver2\ShowScene.h">
      <Filter>Header Files</Filter>
    </ClInclude>
  </ItemGroup>
  <ItemGroup>
    <None Include="src\shaders\Object.frag" />
    <None Include="src\shaders\Object.vert" />
    <None Include="src\shaders\Light.frag" />
    <None Include="src\shaders\Light.vert" />
    <None Include="src\shaders\Shadow.frag" />
    <None Include="src\shaders\Shadow.vert" />
    <None Include="src\shaders\DebugQuad.frag" />
    <None Include="src\shaders\DebugQuad.vert" />
    <None Include="src\shaders\Outline.vert" />
    <None Include="src\shaders\Outline.frag" />
  </ItemGroup>
</Project>